
Microsoft Visual Studio Solution File, Format Version 12.00
# Visual Studio Version 17
VisualStudioVersion = 17.2.32630.192
MinimumVisualStudioVersion = 10.0.40219.1
Project("{2150E333-8FDC-42A3-9474-1A3956D46DE8}") = "1. PRESENTATION", "1. PRESENTATION", "{6318238A-4E5B-44F5-A056-30BB4ADF5BEA}"
EndProject
Project("{2150E333-8FDC-42A3-9474-1A3956D46DE8}") = "1.1 WEB", "1.1 WEB", "{A6E99EB4-D028-42F5-BA8A-11E0105E91AE}"
EndProject
Project("{2150E333-8FDC-42A3-9474-1A3956D46DE8}") = "1.1.1 API", "1.1.1 API", "{574D5D59-8E4C-405A-A76F-6F4EB635E9B0}"
EndProject
Project("{FAE04EC0-301F-11D3-BF4B-00C04F79EFBC}") = "PRUEBA.BACKEND.API", "PRUEBA.BACKEND.API\PRUEBA.BACKEND.API.csproj", "{08CE6691-4129-4942-941B-DDABAE5A7877}"
EndProject
Project("{2150E333-8FDC-42A3-9474-1A3956D46DE8}") = "2. APPLICATION", "2. APPLICATION", "{3E67CC52-F814-40DA-ACE2-D4814F0746F5}"
EndProject
Project("{FAE04EC0-301F-11D3-BF4B-00C04F79EFBC}") = "PRUEBA.BACKEND.APPLICATION", "PRUEBA.BACKEND.APPLICATION\PRUEBA.BACKEND.APPLICATION.csproj", "{F6B3B517-148C-42BD-BBD7-A006FC2FEC64}"
EndProject
Project("{2150E333-8FDC-42A3-9474-1A3956D46DE8}") = "3. DOMAIN", "3. DOMAIN", "{9C3AFC3E-01A2-45EE-BA12-E7EAB8E1D621}"
EndProject
Project("{FAE04EC0-301F-11D3-BF4B-00C04F79EFBC}") = "PRUEBA.BACKEND.DOMAIN", "PRUEBA.BACKEND.DOMAIN\PRUEBA.BACKEND.DOMAIN.csproj", "{FDDB6893-BC88-4A38-91B4-EC1F0653A707}"
EndProject
Project("{2150E333-8FDC-42A3-9474-1A3956D46DE8}") = "4. INFRASTRUCTURE", "4. INFRASTRUCTURE", "{C2D5AFAD-0023-42BA-A5B7-EF5F1A0E9A50}"
EndProject
Project("{2150E333-8FDC-42A3-9474-1A3956D46DE8}") = "4.1 REPOSITORY", "4.1 REPOSITORY", "{29B1BC01-03DB-4E1D-AA3C-28A83961441C}"
EndProject
Project("{FAE04EC0-301F-11D3-BF4B-00C04F79EFBC}") = "PRUEBA.BACKEND.INFRA.REPOSITORY", "PRUEBA.BACKEND.INFRA.REPOSITORY\PRUEBA.BACKEND.INFRA.REPOSITORY.csproj", "{5C90B9AC-F66A-4B7F-AD29-3D65EF2CDB02}"
EndProject
Global
	GlobalSection(SolutionConfigurationPlatforms) = preSolution
		Debug|Any CPU = Debug|Any CPU
		Release|Any CPU = Release|Any CPU
	EndGlobalSection
	GlobalSection(ProjectConfigurationPlatforms) = postSolution
		{08CE6691-4129-4942-941B-DDABAE5A7877}.Debug|Any CPU.ActiveCfg = Debug|Any CPU
		{08CE6691-4129-4942-941B-DDABAE5A7877}.Debug|Any CPU.Build.0 = Debug|Any CPU
		{08CE6691-4129-4942-941B-DDABAE5A7877}.Release|Any CPU.ActiveCfg = Release|Any CPU
		{08CE6691-4129-4942-941B-DDABAE5A7877}.Release|Any CPU.Build.0 = Release|Any CPU
		{F6B3B517-148C-42BD-BBD7-A006FC2FEC64}.Debug|Any CPU.ActiveCfg = Debug|Any CPU
		{F6B3B517-148C-42BD-BBD7-A006FC2FEC64}.Debug|Any CPU.Build.0 = Debug|Any CPU
		{F6B3B517-148C-42BD-BBD7-A006FC2FEC64}.Release|Any CPU.ActiveCfg = Release|Any CPU
		{F6B3B517-148C-42BD-BBD7-A006FC2FEC64}.Release|Any CPU.Build.0 = Release|Any CPU
		{FDDB6893-BC88-4A38-91B4-EC1F0653A707}.Debug|Any CPU.ActiveCfg = Debug|Any CPU
		{FDDB6893-BC88-4A38-91B4-EC1F0653A707}.Debug|Any CPU.Build.0 = Debug|Any CPU
		{FDDB6893-BC88-4A38-91B4-EC1F0653A707}.Release|Any CPU.ActiveCfg = Release|Any CPU
		{FDDB6893-BC88-4A38-91B4-EC1F0653A707}.Release|Any CPU.Build.0 = Release|Any CPU
		{5C90B9AC-F66A-4B7F-AD29-3D65EF2CDB02}.Debug|Any CPU.ActiveCfg = Debug|Any CPU
		{5C90B9AC-F66A-4B7F-AD29-3D65EF2CDB02}.Debug|Any CPU.Build.0 = Debug|Any CPU
		{5C90B9AC-F66A-4B7F-AD29-3D65EF2CDB02}.Release|Any CPU.ActiveCfg = Release|Any CPU
		{5C90B9AC-F66A-4B7F-AD29-3D65EF2CDB02}.Release|Any CPU.Build.0 = Release|Any CPU
	EndGlobalSection
	GlobalSection(SolutionProperties) = preSolution
		HideSolutionNode = FALSE
	EndGlobalSection
	GlobalSection(NestedProjects) = preSolution
		{A6E99EB4-D028-42F5-BA8A-11E0105E91AE} = {6318238A-4E5B-44F5-A056-30BB4ADF5BEA}
		{574D5D59-8E4C-405A-A76F-6F4EB635E9B0} = {A6E99EB4-D028-42F5-BA8A-11E0105E91AE}
		{08CE6691-4129-4942-941B-DDABAE5A7877} = {574D5D59-8E4C-405A-A76F-6F4EB635E9B0}
		{F6B3B517-148C-42BD-BBD7-A006FC2FEC64} = {3E67CC52-F814-40DA-ACE2-D4814F0746F5}
		{FDDB6893-BC88-4A38-91B4-EC1F0653A707} = {9C3AFC3E-01A2-45EE-BA12-E7EAB8E1D621}
		{29B1BC01-03DB-4E1D-AA3C-28A83961441C} = {C2D5AFAD-0023-42BA-A5B7-EF5F1A0E9A50}
		{5C90B9AC-F66A-4B7F-AD29-3D65EF2CDB02} = {29B1BC01-03DB-4E1D-AA3C-28A83961441C}
	EndGlobalSection
	GlobalSection(ExtensibilityGlobals) = postSolution
		SolutionGuid = {A1D32400-1AE2-4407-94CD-775C0E2F5D27}
	EndGlobalSection
EndGlobal
